Microsoft Visual Studio Solution File, Format Version 12.00
# Visual Studio Version 17
VisualStudioVersion = 17.5.2.0
MinimumVisualStudioVersion = 10.0.40219.1
Project("{2150E333-8FDC-42A3-9474-1A3956D46DE8}") = "lab-2", "lab-2", "{B71EAF2C-3D57-D350-38FC-F30E50A0CD26}"
EndProject
Project("{2150E333-8FDC-42A3-9474-1A3956D46DE8}") = "C#", "C#", "{53F86B3E-C1B5-E7FE-EB14-25AB9D92DBA9}"
EndProject
Project("{FAE04EC0-301F-11D3-BF4B-00C04F79EFBC}") = "task-1", "lab-2\C#\task-1\task-1.csproj", "{E282518F-790D-F39A-EC48-E2DB599CA106}"
EndProject
Project("{FAE04EC0-301F-11D3-BF4B-00C04F79EFBC}") = "task-2", "lab-2\C#\task-2\task-2.csproj", "{3EFECE86-C370-4D0E-90AC-A7A27D96827F}"
EndProject
Project("{FAE04EC0-301F-11D3-BF4B-00C04F79EFBC}") = "task-3", "lab-2\C#\task-3\task-3.csproj", "{0A369F42-5867-4E3E-9DCA-0EF7AFE8B792}"
EndProject
Project("{2150E333-8FDC-42A3-9474-1A3956D46DE8}") = "lab-3", "lab-3", "{0077A2C0-74B9-78B5-BD37-66432975CE36}"
EndProject
Project("{2150E333-8FDC-42A3-9474-1A3956D46DE8}") = "C#", "C#", "{D31FB37D-913A-4739-8963-0E9D28C262F7}"
EndProject
Project("{FAE04EC0-301F-11D3-BF4B-00C04F79EFBC}") = "task-1", "lab-3\C#\task-1\task-1.csproj", "{B60ED983-BE7B-457A-9779-388AC30FF776}"
EndProject
Global
	GlobalSection(SolutionConfigurationPlatforms) = preSolution
		Debug|Any CPU = Debug|Any CPU
		Debug|x64 = Debug|x64
		Debug|x86 = Debug|x86
		Release|Any CPU = Release|Any CPU
		Release|x64 = Release|x64
		Release|x86 = Release|x86
	EndGlobalSection
	GlobalSection(ProjectConfigurationPlatforms) = postSolution
		{E282518F-790D-F39A-EC48-E2DB599CA106}.Debug|Any CPU.ActiveCfg = Debug|Any CPU
		{E282518F-790D-F39A-EC48-E2DB599CA106}.Debug|Any CPU.Build.0 = Debug|Any CPU
		{E282518F-790D-F39A-EC48-E2DB599CA106}.Debug|x64.ActiveCfg = Debug|Any CPU
		{E282518F-790D-F39A-EC48-E2DB599CA106}.Debug|x64.Build.0 = Debug|Any CPU
		{E282518F-790D-F39A-EC48-E2DB599CA106}.Debug|x86.ActiveCfg = Debug|Any CPU
		{E282518F-790D-F39A-EC48-E2DB599CA106}.Debug|x86.Build.0 = Debug|Any CPU
		{E282518F-790D-F39A-EC48-E2DB599CA106}.Release|Any CPU.ActiveCfg = Release|Any CPU
		{E282518F-790D-F39A-EC48-E2DB599CA106}.Release|Any CPU.Build.0 = Release|Any CPU
		{E282518F-790D-F39A-EC48-E2DB599CA106}.Release|x64.ActiveCfg = Release|Any CPU
		{E282518F-790D-F39A-EC48-E2DB599CA106}.Release|x64.Build.0 = Release|Any CPU
		{E282518F-790D-F39A-EC48-E2DB599CA106}.Release|x86.ActiveCfg = Release|Any CPU
		{E282518F-790D-F39A-EC48-E2DB599CA106}.Release|x86.Build.0 = Release|Any CPU
		{3EFECE86-C370-4D0E-90AC-A7A27D96827F}.Debug|Any CPU.ActiveCfg = Debug|Any CPU
		{3EFECE86-C370-4D0E-90AC-A7A27D96827F}.Debug|Any CPU.Build.0 = Debug|Any CPU
		{3EFECE86-C370-4D0E-90AC-A7A27D96827F}.Debug|x64.ActiveCfg = Debug|Any CPU
		{3EFECE86-C370-4D0E-90AC-A7A27D96827F}.Debug|x64.Build.0 = Debug|Any CPU
		{3EFECE86-C370-4D0E-90AC-A7A27D96827F}.Debug|x86.ActiveCfg = Debug|Any CPU
		{3EFECE86-C370-4D0E-90AC-A7A27D96827F}.Debug|x86.Build.0 = Debug|Any CPU
		{3EFECE86-C370-4D0E-90AC-A7A27D96827F}.Release|Any CPU.ActiveCfg = Release|Any CPU
		{3EFECE86-C370-4D0E-90AC-A7A27D96827F}.Release|Any CPU.Build.0 = Release|Any CPU
		{3EFECE86-C370-4D0E-90AC-A7A27D96827F}.Release|x64.ActiveCfg = Release|Any CPU
		{3EFECE86-C370-4D0E-90AC-A7A27D96827F}.Release|x64.Build.0 = Release|Any CPU
		{3EFECE86-C370-4D0E-90AC-A7A27D96827F}.Release|x86.ActiveCfg = Release|Any CPU
		{3EFECE86-C370-4D0E-90AC-A7A27D96827F}.Release|x86.Build.0 = Release|Any CPU
		{0A369F42-5867-4E3E-9DCA-0EF7AFE8B792}.Debug|Any CPU.ActiveCfg = Debug|Any CPU
		{0A369F42-5867-4E3E-9DCA-0EF7AFE8B792}.Debug|Any CPU.Build.0 = Debug|Any CPU
		{0A369F42-5867-4E3E-9DCA-0EF7AFE8B792}.Debug|x64.ActiveCfg = Debug|Any CPU
		{0A369F42-5867-4E3E-9DCA-0EF7AFE8B792}.Debug|x64.Build.0 = Debug|Any CPU
		{0A369F42-5867-4E3E-9DCA-0EF7AFE8B792}.Debug|x86.ActiveCfg = Debug|Any CPU
		{0A369F42-5867-4E3E-9DCA-0EF7AFE8B792}.Debug|x86.Build.0 = Debug|Any CPU
		{0A369F42-5867-4E3E-9DCA-0EF7AFE8B792}.Release|Any CPU.ActiveCfg = Release|Any CPU
		{0A369F42-5867-4E3E-9DCA-0EF7AFE8B792}.Release|Any CPU.Build.0 = Release|Any CPU
		{0A369F42-5867-4E3E-9DCA-0EF7AFE8B792}.Release|x64.ActiveCfg = Release|Any CPU
		{0A369F42-5867-4E3E-9DCA-0EF7AFE8B792}.Release|x64.Build.0 = Release|Any CPU
		{0A369F42-5867-4E3E-9DCA-0EF7AFE8B792}.Release|x86.ActiveCfg = Release|Any CPU
		{0A369F42-5867-4E3E-9DCA-0EF7AFE8B792}.Release|x86.Build.0 = Release|Any CPU
		{B60ED983-BE7B-457A-9779-388AC30FF776}.Debug|Any CPU.ActiveCfg = Debug|Any CPU
		{B60ED983-BE7B-457A-9779-388AC30FF776}.Debug|Any CPU.Build.0 = Debug|Any CPU
		{B60ED983-BE7B-457A-9779-388AC30FF776}.Debug|x64.ActiveCfg = Debug|Any CPU
		{B60ED983-BE7B-457A-9779-388AC30FF776}.Debug|x64.Build.0 = Debug|Any CPU
		{B60ED983-BE7B-457A-9779-388AC30FF776}.Debug|x86.ActiveCfg = Debug|Any CPU
		{B60ED983-BE7B-457A-9779-388AC30FF776}.Debug|x86.Build.0 = Debug|Any CPU
		{B60ED983-BE7B-457A-9779-388AC30FF776}.Release|Any CPU.ActiveCfg = Release|Any CPU
		{B60ED983-BE7B-457A-9779-388AC30FF776}.Release|Any CPU.Build.0 = Release|Any CPU
		{B60ED983-BE7B-457A-9779-388AC30FF776}.Release|x64.ActiveCfg = Release|Any CPU
		{B60ED983-BE7B-457A-9779-388AC30FF776}.Release|x64.Build.0 = Release|Any CPU
		{B60ED983-BE7B-457A-9779-388AC30FF776}.Release|x86.ActiveCfg = Release|Any CPU
		{B60ED983-BE7B-457A-9779-388AC30FF776}.Release|x86.Build.0 = Release|Any CPU
	EndGlobalSection
	GlobalSection(SolutionProperties) = preSolution
		HideSolutionNode = FALSE
	EndGlobalSection
	GlobalSection(NestedProjects) = preSolution
		{53F86B3E-C1B5-E7FE-EB14-25AB9D92DBA9} = {B71EAF2C-3D57-D350-38FC-F30E50A0CD26}
		{E282518F-790D-F39A-EC48-E2DB599CA106} = {53F86B3E-C1B5-E7FE-EB14-25AB9D92DBA9}
		{3EFECE86-C370-4D0E-90AC-A7A27D96827F} = {53F86B3E-C1B5-E7FE-EB14-25AB9D92DBA9}
		{0A369F42-5867-4E3E-9DCA-0EF7AFE8B792} = {53F86B3E-C1B5-E7FE-EB14-25AB9D92DBA9}
		{D31FB37D-913A-4739-8963-0E9D28C262F7} = {0077A2C0-74B9-78B5-BD37-66432975CE36}
		{B60ED983-BE7B-457A-9779-388AC30FF776} = {D31FB37D-913A-4739-8963-0E9D28C262F7}
	EndGlobalSection
	GlobalSection(ExtensibilityGlobals) = postSolution
		SolutionGuid = {8CCDCEF2-B24F-4049-8B17-292843B672B4}
	EndGlobalSection
EndGlobal
